version: 6
environments:
  default:
    channels:
    - url: https://conda.anaconda.org/conda-forge/
    indexes:
    - https://pypi.org/simple
    packages:
      osx-arm64:
      - conda: https://conda.anaconda.org/conda-forge/noarch/annotated-types-0.7.0-pyhd8ed1ab_1.conda
      - conda: https://conda.anaconda.org/conda-forge/noarch/anyio-4.9.0-pyh29332c3_0.conda
      - conda: https://conda.anaconda.org/conda-forge/osx-arm64/bzip2-1.0.8-h99b78c6_7.conda
      - conda: https://conda.anaconda.org/conda-forge/noarch/ca-certificates-2025.4.26-hbd8a1cb_0.conda
      - conda: https://conda.anaconda.org/conda-forge/noarch/certifi-2025.1.31-pyhd8ed1ab_0.conda
      - conda: https://conda.anaconda.org/conda-forge/noarch/click-8.1.8-pyh707e725_0.conda
      - conda: https://conda.anaconda.org/conda-forge/noarch/colorama-0.4.6-pyhd8ed1ab_1.conda
      - conda: https://conda.anaconda.org/conda-forge/noarch/distro-1.9.0-pyhd8ed1ab_1.conda
      - conda: https://conda.anaconda.org/conda-forge/noarch/dnspython-2.7.0-pyhff2d567_1.conda
      - conda: https://conda.anaconda.org/conda-forge/noarch/email-validator-2.2.0-pyhd8ed1ab_1.conda
      - conda: https://conda.anaconda.org/conda-forge/noarch/email_validator-2.2.0-hd8ed1ab_1.conda
      - conda: https://conda.anaconda.org/conda-forge/noarch/exceptiongroup-1.2.2-pyhd8ed1ab_1.conda
      - conda: https://conda.anaconda.org/conda-forge/noarch/fastapi-0.115.12-pyh29332c3_0.conda
      - conda: https://conda.anaconda.org/conda-forge/noarch/fastapi-cli-0.0.7-pyhd8ed1ab_0.conda
      - conda: https://conda.anaconda.org/conda-forge/osx-arm64/greenlet-3.2.1-py313h928ef07_0.conda
      - conda: https://conda.anaconda.org/conda-forge/noarch/h11-0.16.0-pyhd8ed1ab_0.conda
      - conda: https://conda.anaconda.org/conda-forge/noarch/h2-4.2.0-pyhd8ed1ab_0.conda
      - conda: https://conda.anaconda.org/conda-forge/noarch/hpack-4.1.0-pyhd8ed1ab_0.conda
      - conda: https://conda.anaconda.org/conda-forge/noarch/httpcore-1.0.9-pyh29332c3_0.conda
      - conda: https://conda.anaconda.org/conda-forge/osx-arm64/httptools-0.6.4-py313h90d716c_0.conda
      - conda: https://conda.anaconda.org/conda-forge/noarch/httpx-0.28.1-pyhd8ed1ab_0.conda
      - conda: https://conda.anaconda.org/conda-forge/noarch/hyperframe-6.1.0-pyhd8ed1ab_0.conda
      - conda: https://conda.anaconda.org/conda-forge/noarch/idna-3.10-pyhd8ed1ab_1.conda
      - conda: https://conda.anaconda.org/conda-forge/noarch/jaxtyping-0.2.36-pyhd8ed1ab_0.conda
      - conda: https://conda.anaconda.org/conda-forge/noarch/jinja2-3.1.6-pyhd8ed1ab_0.conda
      - conda: https://conda.anaconda.org/conda-forge/osx-arm64/jiter-0.9.0-py313hdde674f_0.conda
      - conda: https://conda.anaconda.org/conda-forge/osx-arm64/libcxx-20.1.4-ha82da77_0.conda
      - conda: https://conda.anaconda.org/conda-forge/osx-arm64/libexpat-2.7.0-h286801f_0.conda
      - conda: https://conda.anaconda.org/conda-forge/osx-arm64/libffi-3.4.6-h1da3d7d_1.conda
      - conda: https://conda.anaconda.org/conda-forge/osx-arm64/liblzma-5.8.1-h39f12f2_0.conda
      - conda: https://conda.anaconda.org/conda-forge/osx-arm64/libmpdec-4.0.0-h99b78c6_0.conda
      - conda: https://conda.anaconda.org/conda-forge/osx-arm64/libsqlite-3.49.1-h3f77e49_2.conda
      - conda: https://conda.anaconda.org/conda-forge/osx-arm64/libuv-1.50.0-h5505292_0.conda
      - conda: https://conda.anaconda.org/conda-forge/osx-arm64/libzlib-1.3.1-h8359307_2.conda
      - conda: https://conda.anaconda.org/conda-forge/noarch/markdown-it-py-3.0.0-pyhd8ed1ab_1.conda
      - conda: https://conda.anaconda.org/conda-forge/osx-arm64/markupsafe-3.0.2-py313ha9b7d5b_1.conda
      - conda: https://conda.anaconda.org/conda-forge/noarch/mdurl-0.1.2-pyhd8ed1ab_1.conda
      - conda: https://conda.anaconda.org/conda-forge/osx-arm64/ncurses-6.5-h5e97a16_3.conda
      - conda: https://conda.anaconda.org/conda-forge/noarch/openai-1.77.0-pyhd8ed1ab_0.conda
      - conda: https://conda.anaconda.org/conda-forge/osx-arm64/openssl-3.5.0-h81ee809_1.conda
      - conda: https://conda.anaconda.org/conda-forge/noarch/pydantic-2.11.3-pyh3cfb1c2_0.conda
      - conda: https://conda.anaconda.org/conda-forge/osx-arm64/pydantic-core-2.33.1-py313hb5fa170_0.conda
      - conda: https://conda.anaconda.org/conda-forge/noarch/pygments-2.19.1-pyhd8ed1ab_0.conda
      - conda: https://conda.anaconda.org/conda-forge/osx-arm64/python-3.13.3-h81fe080_101_cp313.conda
      - conda: https://conda.anaconda.org/conda-forge/noarch/python-dotenv-1.1.0-pyh29332c3_1.conda
      - conda: https://conda.anaconda.org/conda-forge/noarch/python-multipart-0.0.20-pyhff2d567_0.conda
      - conda: https://conda.anaconda.org/conda-forge/noarch/python_abi-3.13-7_cp313.conda
      - conda: https://conda.anaconda.org/conda-forge/osx-arm64/pyyaml-6.0.2-py313ha9b7d5b_2.conda
      - conda: https://conda.anaconda.org/conda-forge/osx-arm64/readline-8.2-h1d1bf99_2.conda
      - conda: https://conda.anaconda.org/conda-forge/noarch/rich-14.0.0-pyh29332c3_0.conda
      - conda: https://conda.anaconda.org/conda-forge/noarch/rich-toolkit-0.11.3-pyh29332c3_0.conda
      - conda: https://conda.anaconda.org/conda-forge/noarch/shellingham-1.5.4-pyhd8ed1ab_1.conda
      - conda: https://conda.anaconda.org/conda-forge/noarch/sniffio-1.3.1-pyhd8ed1ab_1.conda
      - conda: https://conda.anaconda.org/conda-forge/osx-arm64/sqlalchemy-2.0.40-py313h90d716c_0.conda
      - conda: https://conda.anaconda.org/conda-forge/noarch/sqlmodel-0.0.24-pyhd8ed1ab_0.conda
      - conda: https://conda.anaconda.org/conda-forge/noarch/starlette-0.46.2-pyh81abbef_0.conda
      - conda: https://conda.anaconda.org/conda-forge/osx-arm64/tk-8.6.13-h5083fa2_1.conda
      - conda: https://conda.anaconda.org/conda-forge/noarch/tqdm-4.67.1-pyhd8ed1ab_1.conda
      - conda: https://conda.anaconda.org/conda-forge/noarch/typeguard-2.13.3-pyhd8ed1ab_0.tar.bz2
      - conda: https://conda.anaconda.org/conda-forge/noarch/typer-0.15.3-pyhf21524f_0.conda
      - conda: https://conda.anaconda.org/conda-forge/noarch/typer-slim-0.15.3-pyh29332c3_0.conda
      - conda: https://conda.anaconda.org/conda-forge/noarch/typer-slim-standard-0.15.3-h1a15894_0.conda
      - conda: https://conda.anaconda.org/conda-forge/noarch/typing-extensions-4.13.2-h0e9735f_0.conda
      - conda: https://conda.anaconda.org/conda-forge/noarch/typing-inspection-0.4.0-pyhd8ed1ab_0.conda
      - conda: https://conda.anaconda.org/conda-forge/noarch/typing_extensions-4.13.2-pyh29332c3_0.conda
      - conda: https://conda.anaconda.org/conda-forge/noarch/tzdata-2025b-h78e105d_0.conda
      - conda: https://conda.anaconda.org/conda-forge/noarch/uvicorn-0.34.2-pyh31011fe_0.conda
      - conda: https://conda.anaconda.org/conda-forge/noarch/uvicorn-standard-0.34.2-h31011fe_0.conda
      - conda: https://conda.anaconda.org/conda-forge/osx-arm64/uvloop-0.21.0-py313h63a2874_1.conda
      - conda: https://conda.anaconda.org/conda-forge/osx-arm64/watchfiles-1.0.5-py313hdde674f_0.conda
      - conda: https://conda.anaconda.org/conda-forge/osx-arm64/websockets-15.0.1-py313h90d716c_0.conda
      - conda: https://conda.anaconda.org/conda-forge/osx-arm64/yaml-0.2.5-h3422bc3_2.tar.bz2
      - pypi: https://files.pythonhosted.org/packages/68/5c/a052c83321dc7404a09eb2daf6e618655354fd287bec13b3bb2ac89975a9/dependency_injector-4.46.0-cp313-cp313-macosx_11_0_arm64.whl
      - pypi: .
packages:
- conda: https://conda.anaconda.org/conda-forge/noarch/annotated-types-0.7.0-pyhd8ed1ab_1.conda
  sha256: e0ea1ba78fbb64f17062601edda82097fcf815012cf52bb704150a2668110d48
  md5: 2934f256a8acfe48f6ebb4fce6cde29c
  depends:
  - python >=3.9
  - typing-extensions >=4.0.0
  license: MIT
  license_family: MIT
  purls:
  - pkg:pypi/annotated-types?source=hash-mapping
  size: 18074
  timestamp: 1733247158254
- conda: https://conda.anaconda.org/conda-forge/noarch/anyio-4.9.0-pyh29332c3_0.conda
  sha256: b28e0f78bb0c7962630001e63af25a89224ff504e135a02e50d4d80b6155d386
  md5: 9749a2c77a7c40d432ea0927662d7e52
  depends:
  - exceptiongroup >=1.0.2
  - idna >=2.8
  - python >=3.9
  - sniffio >=1.1
  - typing_extensions >=4.5
  - python
  constrains:
  - trio >=0.26.1
  - uvloop >=0.21
  license: MIT
  license_family: MIT
  purls:
  - pkg:pypi/anyio?source=hash-mapping
  size: 126346
  timestamp: 1742243108743
- conda: https://conda.anaconda.org/conda-forge/osx-arm64/bzip2-1.0.8-h99b78c6_7.conda
  sha256: adfa71f158cbd872a36394c56c3568e6034aa55c623634b37a4836bd036e6b91
  md5: fc6948412dbbbe9a4c9ddbbcfe0a79ab
  depends:
  - __osx >=11.0
  license: bzip2-1.0.6
  license_family: BSD
  purls: []
  size: 122909
  timestamp: 1720974522888
- conda: https://conda.anaconda.org/conda-forge/noarch/ca-certificates-2025.4.26-hbd8a1cb_0.conda
  sha256: 2a70ed95ace8a3f8a29e6cd1476a943df294a7111dfb3e152e3478c4c889b7ac
  md5: 95db94f75ba080a22eb623590993167b
  depends:
  - __unix
  license: ISC
  purls: []
  size: 152283
  timestamp: 1745653616541
- conda: https://conda.anaconda.org/conda-forge/noarch/certifi-2025.1.31-pyhd8ed1ab_0.conda
  sha256: 42a78446da06a2568cb13e69be3355169fbd0ea424b00fc80b7d840f5baaacf3
  md5: c207fa5ac7ea99b149344385a9c0880d
  depends:
  - python >=3.9
  license: ISC
  purls:
  - pkg:pypi/certifi?source=compressed-mapping
  size: 162721
  timestamp: 1739515973129
- conda: https://conda.anaconda.org/conda-forge/noarch/click-8.1.8-pyh707e725_0.conda
  sha256: c920d23cd1fcf565031c679adb62d848af60d6fbb0edc2d50ba475cea4f0d8ab
  md5: f22f4d4970e09d68a10b922cbb0408d3
  depends:
  - __unix
  - python >=3.9
  license: BSD-3-Clause
  license_family: BSD
  purls:
  - pkg:pypi/click?source=hash-mapping
  size: 84705
  timestamp: 1734858922844
- conda: https://conda.anaconda.org/conda-forge/noarch/colorama-0.4.6-pyhd8ed1ab_1.conda
  sha256: ab29d57dc70786c1269633ba3dff20288b81664d3ff8d21af995742e2bb03287
  md5: 962b9857ee8e7018c22f2776ffa0b2d7
  depends:
  - python >=3.9
  license: BSD-3-Clause
  license_family: BSD
  purls:
  - pkg:pypi/colorama?source=hash-mapping
  size: 27011
  timestamp: 1733218222191
- pypi: https://files.pythonhosted.org/packages/68/5c/a052c83321dc7404a09eb2daf6e618655354fd287bec13b3bb2ac89975a9/dependency_injector-4.46.0-cp313-cp313-macosx_11_0_arm64.whl
  name: dependency-injector
  version: 4.46.0
  sha256: 6e7704d6286f4371dff5db56c124c1eac22922ecac7c9e96ef87a3842c21b9e2
  requires_dist:
  - pyyaml ; extra == 'yaml'
  - pydantic ; extra == 'pydantic'
  - pydantic-settings ; extra == 'pydantic2'
  - flask ; extra == 'flask'
  - aiohttp ; extra == 'aiohttp'
  requires_python: '>=3.7'
- conda: https://conda.anaconda.org/conda-forge/noarch/distro-1.9.0-pyhd8ed1ab_1.conda
  sha256: 5603c7d0321963bb9b4030eadabc3fd7ca6103a38475b4e0ed13ed6d97c86f4e
  md5: 0a2014fd9860f8b1eaa0b1f3d3771a08
  depends:
  - python >=3.9
  license: Apache-2.0
  license_family: APACHE
  purls:
  - pkg:pypi/distro?source=hash-mapping
  size: 41773
  timestamp: 1734729953882
- conda: https://conda.anaconda.org/conda-forge/noarch/dnspython-2.7.0-pyhff2d567_1.conda
  sha256: 3ec40ccf63f2450c5e6c7dd579e42fc2e97caf0d8cd4ba24aa434e6fc264eda0
  md5: 5fbd60d61d21b4bd2f9d7a48fe100418
  depends:
  - python >=3.9,<4.0.0
  - sniffio
  constrains:
  - aioquic >=1.0.0
  - wmi >=1.5.1
  - httpx >=0.26.0
  - trio >=0.23
  - cryptography >=43
  - httpcore >=1.0.0
  - idna >=3.7
  - h2 >=4.1.0
  license: ISC
  license_family: OTHER
  purls:
  - pkg:pypi/dnspython?source=hash-mapping
  size: 172172
  timestamp: 1733256829961
- pypi: .
  name: dt-receipt-ocr
  version: 0.1.0
  sha256: 7bcf142caefba4ce2b947078d709fb9e3c58b240173f3898ec952e7b7268013b
  requires_dist:
  - dependency-injector>=4.46.0,<5
  requires_python: '>=3.11'
  editable: true
- conda: https://conda.anaconda.org/conda-forge/noarch/email-validator-2.2.0-pyhd8ed1ab_1.conda
  sha256: b91a19eb78edfc2dbb36de9a67f74ee2416f1b5273dd7327abe53f2dbf864736
  md5: da16dd3b0b71339060cd44cb7110ddf9
  depends:
  - dnspython >=2.0.0
  - idna >=2.0.0
  - python >=3.9
  license: Unlicense
  purls:
  - pkg:pypi/email-validator?source=hash-mapping
  size: 44401
  timestamp: 1733300827551
- conda: https://conda.anaconda.org/conda-forge/noarch/email_validator-2.2.0-hd8ed1ab_1.conda
  sha256: e0d0fdf587aa0ed0ff08b2bce3ab355f46687b87b0775bfba01cc80a859ee6a2
  md5: 0794f8807ff2c6f020422cacb1bd7bfa
  depends:
  - email-validator >=2.2.0,<2.2.1.0a0
  license: Unlicense
  purls: []
  size: 6552
  timestamp: 1733300828176
- conda: https://conda.anaconda.org/conda-forge/noarch/exceptiongroup-1.2.2-pyhd8ed1ab_1.conda
  sha256: cbde2c64ec317118fc06b223c5fd87c8a680255e7348dd60e7b292d2e103e701
  md5: a16662747cdeb9abbac74d0057cc976e
  depends:
  - python >=3.9
  license: MIT and PSF-2.0
  purls:
  - pkg:pypi/exceptiongroup?source=hash-mapping
  size: 20486
  timestamp: 1733208916977
- conda: https://conda.anaconda.org/conda-forge/noarch/fastapi-0.115.12-pyh29332c3_0.conda
  sha256: d72da6ea523d80968f0cca4ba4fb6c31fc27450d07e419f039da9b99654a56e6
  md5: 4bc12ece07c8c717e19fd790bfec100d
  depends:
  - python >=3.9
  - starlette >=0.40.0,<0.47.0
  - typing_extensions >=4.8.0
  - pydantic >=1.7.4,!=1.8,!=1.8.1,!=2.0.0,!=2.0.1,!=2.1.0,<3.0.0
  - email_validator >=2.0.0
  - fastapi-cli >=0.0.5
  - httpx >=0.23.0
  - jinja2 >=3.1.5
  - python-multipart >=0.0.18
  - uvicorn-standard >=0.12.0
  - python
  license: MIT
  license_family: MIT
  purls:
  - pkg:pypi/fastapi?source=compressed-mapping
  size: 78350
  timestamp: 1742822207154
- conda: https://conda.anaconda.org/conda-forge/noarch/fastapi-cli-0.0.7-pyhd8ed1ab_0.conda
  sha256: 300683731013b7221922339cd40430bb3c2ddeeb658fd7e37f5099ffe64e4db0
  md5: d960e0ea9e1c561aa928f6c4439f04c7
  depends:
  - python >=3.9
  - rich-toolkit >=0.11.1
  - typer >=0.12.3
  - uvicorn-standard >=0.15.0
  license: MIT
  license_family: MIT
  purls:
  - pkg:pypi/fastapi-cli?source=hash-mapping
  size: 15546
  timestamp: 1734302408607
- conda: https://conda.anaconda.org/conda-forge/osx-arm64/greenlet-3.2.1-py313h928ef07_0.conda
  sha256: 73b3e0f684fccc9b9a67b7c73854f99b21316ce6a48a5c59e7128d2ff5a3427c
  md5: c77d3da3878a2cfcafa9ee3831817c56
  depends:
  - __osx >=11.0
  - libcxx >=18
  - python >=3.13,<3.14.0a0
  - python >=3.13,<3.14.0a0 *_cp313
  - python_abi 3.13.* *_cp313
  license: MIT
  license_family: MIT
  purls:
  - pkg:pypi/greenlet?source=hash-mapping
  size: 230573
  timestamp: 1745430025213
- conda: https://conda.anaconda.org/conda-forge/noarch/h11-0.16.0-pyhd8ed1ab_0.conda
  sha256: f64b68148c478c3bfc8f8d519541de7d2616bf59d44485a5271041d40c061887
  md5: 4b69232755285701bc86a5afe4d9933a
  depends:
  - python >=3.9
  - typing_extensions
  license: MIT
  license_family: MIT
  purls:
  - pkg:pypi/h11?source=hash-mapping
  size: 37697
  timestamp: 1745526482242
- conda: https://conda.anaconda.org/conda-forge/noarch/h2-4.2.0-pyhd8ed1ab_0.conda
  sha256: 0aa1cdc67a9fe75ea95b5644b734a756200d6ec9d0dff66530aec3d1c1e9df75
  md5: b4754fb1bdcb70c8fd54f918301582c6
  depends:
  - hpack >=4.1,<5
  - hyperframe >=6.1,<7
  - python >=3.9
  license: MIT
  license_family: MIT
  purls:
  - pkg:pypi/h2?source=hash-mapping
  size: 53888
  timestamp: 1738578623567
- conda: https://conda.anaconda.org/conda-forge/noarch/hpack-4.1.0-pyhd8ed1ab_0.conda
  sha256: 6ad78a180576c706aabeb5b4c8ceb97c0cb25f1e112d76495bff23e3779948ba
  md5: 0a802cb9888dd14eeefc611f05c40b6e
  depends:
  - python >=3.9
  license: MIT
  license_family: MIT
  purls:
  - pkg:pypi/hpack?source=hash-mapping
  size: 30731
  timestamp: 1737618390337
- conda: https://conda.anaconda.org/conda-forge/noarch/httpcore-1.0.9-pyh29332c3_0.conda
  sha256: 04d49cb3c42714ce533a8553986e1642d0549a05dc5cc48e0d43ff5be6679a5b
  md5: 4f14640d58e2cc0aa0819d9d8ba125bb
  depends:
  - python >=3.9
  - h11 >=0.16
  - h2 >=3,<5
  - sniffio 1.*
  - anyio >=4.0,<5.0
  - certifi
  - python
  license: BSD-3-Clause
  license_family: BSD
  purls:
  - pkg:pypi/httpcore?source=hash-mapping
  size: 49483
  timestamp: 1745602916758
- conda: https://conda.anaconda.org/conda-forge/osx-arm64/httptools-0.6.4-py313h90d716c_0.conda
  sha256: 2915038c5214ee92f950b6bc5e850c03708f28a6560a61548fdf71be09012f9f
  md5: 67db1563495ab188c3c5d378d6992587
  depends:
  - __osx >=11.0
  - python >=3.13,<3.14.0a0
  - python >=3.13,<3.14.0a0 *_cp313
  - python_abi 3.13.* *_cp313
  license: MIT
  license_family: MIT
  purls:
  - pkg:pypi/httptools?source=hash-mapping
  size: 84681
  timestamp: 1732707974026
- conda: https://conda.anaconda.org/conda-forge/noarch/httpx-0.28.1-pyhd8ed1ab_0.conda
  sha256: cd0f1de3697b252df95f98383e9edb1d00386bfdd03fdf607fa42fe5fcb09950
  md5: d6989ead454181f4f9bc987d3dc4e285
  depends:
  - anyio
  - certifi
  - httpcore 1.*
  - idna
  - python >=3.9
  license: BSD-3-Clause
  license_family: BSD
  purls:
  - pkg:pypi/httpx?source=hash-mapping
  size: 63082
  timestamp: 1733663449209
- conda: https://conda.anaconda.org/conda-forge/noarch/hyperframe-6.1.0-pyhd8ed1ab_0.conda
  sha256: 77af6f5fe8b62ca07d09ac60127a30d9069fdc3c68d6b256754d0ffb1f7779f8
  md5: 8e6923fc12f1fe8f8c4e5c9f343256ac
  depends:
  - python >=3.9
  license: MIT
  license_family: MIT
  purls:
  - pkg:pypi/hyperframe?source=hash-mapping
  size: 17397
  timestamp: 1737618427549
- conda: https://conda.anaconda.org/conda-forge/noarch/idna-3.10-pyhd8ed1ab_1.conda
  sha256: d7a472c9fd479e2e8dcb83fb8d433fce971ea369d704ece380e876f9c3494e87
  md5: 39a4f67be3286c86d696df570b1201b7
  depends:
  - python >=3.9
  license: BSD-3-Clause
  license_family: BSD
  purls:
  - pkg:pypi/idna?source=hash-mapping
  size: 49765
  timestamp: 1733211921194
- conda: https://conda.anaconda.org/conda-forge/noarch/jaxtyping-0.2.36-pyhd8ed1ab_0.conda
  sha256: 5f92019b69d0fc1cf89ea831eb700829ad84ca0f493a87256c6e230ce7112e95
  md5: 2cd841c498df27467e7c44ac55d55ca3
  depends:
  - python >=3.9
  - typeguard 2.13.3
  license: MIT
  license_family: MIT
  purls:
  - pkg:pypi/jaxtyping?source=hash-mapping
  size: 47289
  timestamp: 1732037818999
- conda: https://conda.anaconda.org/conda-forge/noarch/jinja2-3.1.6-pyhd8ed1ab_0.conda
  sha256: f1ac18b11637ddadc05642e8185a851c7fab5998c6f5470d716812fae943b2af
  md5: 446bd6c8cb26050d528881df495ce646
  depends:
  - markupsafe >=2.0
  - python >=3.9
  license: BSD-3-Clause
  license_family: BSD
  purls:
  - pkg:pypi/jinja2?source=compressed-mapping
  size: 112714
  timestamp: 1741263433881
- conda: https://conda.anaconda.org/conda-forge/osx-arm64/jiter-0.9.0-py313hdde674f_0.conda
  sha256: 443359306f17dd94b6d78438cf864999bfbaabe3f6ba8374309dafd372e45571
  md5: dcdacfc1a200c74dd2f64266782c4130
  depends:
  - __osx >=11.0
  - python >=3.13,<3.14.0a0
  - python >=3.13,<3.14.0a0 *_cp313
  - python_abi 3.13.* *_cp313
  constrains:
  - __osx >=11.0
  license: MIT
  license_family: MIT
  purls:
  - pkg:pypi/jiter?source=hash-mapping
  size: 272313
  timestamp: 1741655618913
- conda: https://conda.anaconda.org/conda-forge/osx-arm64/libcxx-20.1.4-ha82da77_0.conda
  sha256: 1837e2c65f8fc8cfd8b240cfe89406d0ce83112ac63f98c9fb3c9a15b4f2d4e1
  md5: 10c809af502fcdab799082d338170994
  depends:
  - __osx >=11.0
  license: Apache-2.0 WITH LLVM-exception
  license_family: Apache
  purls: []
  size: 565811
  timestamp: 1745991653948
- conda: https://conda.anaconda.org/conda-forge/osx-arm64/libexpat-2.7.0-h286801f_0.conda
  sha256: ee550e44765a7bbcb2a0216c063dcd53ac914a7be5386dd0554bd06e6be61840
  md5: 6934bbb74380e045741eb8637641a65b
  depends:
  - __osx >=11.0
  constrains:
  - expat 2.7.0.*
  license: MIT
  license_family: MIT
  purls: []
  size: 65714
  timestamp: 1743431789879
- conda: https://conda.anaconda.org/conda-forge/osx-arm64/libffi-3.4.6-h1da3d7d_1.conda
  sha256: c6a530924a9b14e193ea9adfe92843de2a806d1b7dbfd341546ece9653129e60
  md5: c215a60c2935b517dcda8cad4705734d
  depends:
  - __osx >=11.0
  license: MIT
  license_family: MIT
  purls: []
  size: 39839
  timestamp: 1743434670405
- conda: https://conda.anaconda.org/conda-forge/osx-arm64/liblzma-5.8.1-h39f12f2_0.conda
  sha256: 4291dde55ebe9868491dc29716b84ac3de21b8084cbd4d05c9eea79d206b8ab7
  md5: ba24e6f25225fea3d5b6912e2ac562f8
  depends:
  - __osx >=11.0
  license: 0BSD
  purls: []
  size: 92295
  timestamp: 1743771392206
- conda: https://conda.anaconda.org/conda-forge/osx-arm64/libmpdec-4.0.0-h99b78c6_0.conda
  sha256: f7917de9117d3a5fe12a39e185c7ce424f8d5010a6f97b4333e8a1dcb2889d16
  md5: 7476305c35dd9acef48da8f754eedb40
  depends:
  - __osx >=11.0
  license: BSD-2-Clause
  license_family: BSD
  purls: []
  size: 69263
  timestamp: 1723817629767
- conda: https://conda.anaconda.org/conda-forge/osx-arm64/libsqlite-3.49.1-h3f77e49_2.conda
  sha256: 907a95f73623c343fc14785cbfefcb7a6b4f2bcf9294fcb295c121611c3a590d
  md5: 3b1e330d775170ac46dff9a94c253bd0
  depends:
  - __osx >=11.0
  - libzlib >=1.3.1,<2.0a0
  license: Unlicense
  purls: []
  size: 900188
  timestamp: 1742083865246
- conda: https://conda.anaconda.org/conda-forge/osx-arm64/libuv-1.50.0-h5505292_0.conda
  sha256: d13fb49d4c8262bf2c44ffb2c77bb2b5d0f85fc6de76bdb75208efeccb29fce6
  md5: 20717343fb30798ab7c23c2e92b748c1
  depends:
  - __osx >=11.0
  license: MIT
  license_family: MIT
  purls: []
  size: 418890
  timestamp: 1737016751326
- conda: https://conda.anaconda.org/conda-forge/osx-arm64/libzlib-1.3.1-h8359307_2.conda
  sha256: ce34669eadaba351cd54910743e6a2261b67009624dbc7daeeafdef93616711b
  md5: 369964e85dc26bfe78f41399b366c435
  depends:
  - __osx >=11.0
  constrains:
  - zlib 1.3.1 *_2
  license: Zlib
  license_family: Other
  purls: []
  size: 46438
  timestamp: 1727963202283
- conda: https://conda.anaconda.org/conda-forge/noarch/markdown-it-py-3.0.0-pyhd8ed1ab_1.conda
  sha256: 0fbacdfb31e55964152b24d5567e9a9996e1e7902fb08eb7d91b5fd6ce60803a
  md5: fee3164ac23dfca50cfcc8b85ddefb81
  depends:
  - mdurl >=0.1,<1
  - python >=3.9
  license: MIT
  license_family: MIT
  purls:
  - pkg:pypi/markdown-it-py?source=hash-mapping
  size: 64430
  timestamp: 1733250550053
- conda: https://conda.anaconda.org/conda-forge/osx-arm64/markupsafe-3.0.2-py313ha9b7d5b_1.conda
  sha256: 81759af8a9872c8926af3aa59dc4986eee90a0956d1ec820b42ac4f949a71211
  md5: 3acf05d8e42ff0d99820d2d889776fff
  depends:
  - __osx >=11.0
  - python >=3.13,<3.14.0a0
  - python >=3.13,<3.14.0a0 *_cp313
  - python_abi 3.13.* *_cp313
  constrains:
  - jinja2 >=3.0.0
  license: BSD-3-Clause
  license_family: BSD
  purls:
  - pkg:pypi/markupsafe?source=hash-mapping
  size: 24757
  timestamp: 1733219916634
- conda: https://conda.anaconda.org/conda-forge/noarch/mdurl-0.1.2-pyhd8ed1ab_1.conda
  sha256: 78c1bbe1723449c52b7a9df1af2ee5f005209f67e40b6e1d3c7619127c43b1c7
  md5: 592132998493b3ff25fd7479396e8351
  depends:
  - python >=3.9
  license: MIT
  license_family: MIT
  purls:
  - pkg:pypi/mdurl?source=hash-mapping
  size: 14465
  timestamp: 1733255681319
- conda: https://conda.anaconda.org/conda-forge/osx-arm64/ncurses-6.5-h5e97a16_3.conda
  sha256: 2827ada40e8d9ca69a153a45f7fd14f32b2ead7045d3bbb5d10964898fe65733
  md5: 068d497125e4bf8a66bf707254fff5ae
  depends:
  - __osx >=11.0
  license: X11 AND BSD-3-Clause
  purls: []
  size: 797030
  timestamp: 1738196177597
- conda: https://conda.anaconda.org/conda-forge/noarch/openai-1.77.0-pyhd8ed1ab_0.conda
  sha256: 62df5f09a72ab44ecc77c4946eb0b909e794f28dd3bdca01197f4e3996456c6b
  md5: 284caad163f3c467642a257d0a38efdc
  depends:
  - anyio >=3.5.0,<5
  - distro >=1.7.0,<2
  - httpx >=0.23.0,<1
  - jiter >=0.4.0,<1
  - pydantic >=1.9.0,<3
  - python >=3.9
  - sniffio
  - tqdm >4
  - typing-extensions >=4.11,<5
  - typing_extensions >=4.11,<5
  license: MIT
  license_family: MIT
  purls:
  - pkg:pypi/openai?source=hash-mapping
  size: 272982
  timestamp: 1746266262683
- conda: https://conda.anaconda.org/conda-forge/osx-arm64/openssl-3.5.0-h81ee809_1.conda
  sha256: 73d366c1597a10bcd5f3604b5f0734b31c23225536e03782c6a13f9be9d01bff
  md5: 5c7aef00ef60738a14e0e612cfc5bcde
  depends:
  - __osx >=11.0
  - ca-certificates
  license: Apache-2.0
  license_family: Apache
  purls: []
  size: 3064197
  timestamp: 1746223530698
- conda: https://conda.anaconda.org/conda-forge/noarch/pydantic-2.11.3-pyh3cfb1c2_0.conda
  sha256: 89183785b09ebe9f9e65710057d7c41e9d21d4a9ad05e068850e18669655d5a8
  md5: 3c6f7f8ae9b9c177ad91ccc187912756
  depends:
  - annotated-types >=0.6.0
  - pydantic-core 2.33.1
  - python >=3.9
  - typing-extensions >=4.6.1
  - typing-inspection >=0.4.0
  - typing_extensions >=4.12.2
  license: MIT
  license_family: MIT
  purls:
  - pkg:pypi/pydantic?source=compressed-mapping
  size: 306616
  timestamp: 1744192311966
- conda: https://conda.anaconda.org/conda-forge/osx-arm64/pydantic-core-2.33.1-py313hb5fa170_0.conda
  sha256: 75b26de3944e6776c840bd57fc47dee97bb044f939f7be94ea83f4793565f836
  md5: 1eda9d26ca9989463540c1512a819706
  depends:
  - python
  - typing-extensions >=4.6.0,!=4.7.0
  - __osx >=11.0
  - python 3.13.* *_cp313
  - python_abi 3.13.* *_cp313
  constrains:
  - __osx >=11.0
  license: MIT
  license_family: MIT
  purls:
  - pkg:pypi/pydantic-core?source=hash-mapping
  size: 1734077
  timestamp: 1743607648527
- conda: https://conda.anaconda.org/conda-forge/noarch/pygments-2.19.1-pyhd8ed1ab_0.conda
  sha256: 28a3e3161390a9d23bc02b4419448f8d27679d9e2c250e29849e37749c8de86b
  md5: 232fb4577b6687b2d503ef8e254270c9
  depends:
  - python >=3.9
  license: BSD-2-Clause
  license_family: BSD
  purls:
  - pkg:pypi/pygments?source=hash-mapping
  size: 888600
  timestamp: 1736243563082
- conda: https://conda.anaconda.org/conda-forge/osx-arm64/python-3.13.3-h81fe080_101_cp313.conda
  build_number: 101
  sha256: f96468ab1e6f27bda92157bfc7f272d1fbf2ba2f85697bdc5bb106bccba1befb
  md5: b3240ae8c42a3230e0b7f831e1c72e9f
  depends:
  - __osx >=11.0
  - bzip2 >=1.0.8,<2.0a0
  - libexpat >=2.7.0,<3.0a0
  - libffi >=3.4.6,<3.5.0a0
  - liblzma >=5.8.1,<6.0a0
  - libmpdec >=4.0.0,<5.0a0
  - libsqlite >=3.49.1,<4.0a0
  - libzlib >=1.3.1,<2.0a0
  - ncurses >=6.5,<7.0a0
  - openssl >=3.5.0,<4.0a0
  - python_abi 3.13.* *_cp313
  - readline >=8.2,<9.0a0
  - tk >=8.6.13,<8.7.0a0
  - tzdata
  license: Python-2.0
  purls: []
  size: 12136505
  timestamp: 1744663807953
  python_site_packages_path: lib/python3.13/site-packages
- conda: https://conda.anaconda.org/conda-forge/noarch/python-dotenv-1.1.0-pyh29332c3_1.conda
  sha256: 7d927317003544049c97e7108e8ca5f2be5ff0ea954f5c84c8bbeb243b663fc8
  md5: 27d816c6981a8d50090537b761de80f4
  depends:
  - python >=3.9
  - python
  license: BSD-3-Clause
  license_family: BSD
  purls:
  - pkg:pypi/python-dotenv?source=hash-mapping
  size: 25557
  timestamp: 1742948348635
- conda: https://conda.anaconda.org/conda-forge/noarch/python-multipart-0.0.20-pyhff2d567_0.conda
  sha256: 1b03678d145b1675b757cba165a0d9803885807792f7eb4495e48a38858c3cca
  md5: a28c984e0429aff3ab7386f7de56de6f
  depends:
  - python >=3.9
  license: Apache-2.0
  license_family: Apache
  purls:
  - pkg:pypi/python-multipart?source=hash-mapping
  size: 27913
  timestamp: 1734420869885
- conda: https://conda.anaconda.org/conda-forge/noarch/python_abi-3.13-7_cp313.conda
  build_number: 7
  sha256: 0595134584589064f56e67d3de1d8fcbb673a972946bce25fb593fb092fdcd97
  md5: e84b44e6300f1703cb25d29120c5b1d8
  constrains:
  - python 3.13.* *_cp313
  license: BSD-3-Clause
  license_family: BSD
  purls: []
  size: 6988
  timestamp: 1745258852285
- conda: https://conda.anaconda.org/conda-forge/osx-arm64/pyyaml-6.0.2-py313ha9b7d5b_2.conda
  sha256: 58c41b86ff2dabcf9ccd9010973b5763ec28b14030f9e1d9b371d22b538bce73
  md5: 03a7926e244802f570f25401c25c13bc
  depends:
  - __osx >=11.0
  - python >=3.13,<3.14.0a0
  - python >=3.13,<3.14.0a0 *_cp313
  - python_abi 3.13.* *_cp313
  - yaml >=0.2.5,<0.3.0a0
  license: MIT
  license_family: MIT
  purls:
  - pkg:pypi/pyyaml?source=hash-mapping
  size: 194243
  timestamp: 1737454911892
- conda: https://conda.anaconda.org/conda-forge/osx-arm64/readline-8.2-h1d1bf99_2.conda
  sha256: 7db04684d3904f6151eff8673270922d31da1eea7fa73254d01c437f49702e34
  md5: 63ef3f6e6d6d5c589e64f11263dc5676
  depends:
  - ncurses >=6.5,<7.0a0
  license: GPL-3.0-only
  license_family: GPL
  purls: []
  size: 252359
  timestamp: 1740379663071
- conda: https://conda.anaconda.org/conda-forge/noarch/rich-14.0.0-pyh29332c3_0.conda
  sha256: d10e2b66a557ec6296844e04686db87818b0df87d73c06388f2332fda3f7d2d5
  md5: 202f08242192ce3ed8bdb439ba40c0fe
  depends:
  - markdown-it-py >=2.2.0
  - pygments >=2.13.0,<3.0.0
  - python >=3.9
  - typing_extensions >=4.0.0,<5.0.0
  - python
  license: MIT
  license_family: MIT
  purls:
  - pkg:pypi/rich?source=hash-mapping
  size: 200323
  timestamp: 1743371105291
- conda: https://conda.anaconda.org/conda-forge/noarch/rich-toolkit-0.11.3-pyh29332c3_0.conda
  sha256: e558f8c254a9ff9164d069110da162fc79497d70c60f2c09a5d3d0d7101c5628
  md5: 4ba15ae9388b67d09782798347481f69
  depends:
  - python >=3.9
  - rich >=13.7.1
  - click >=8.1.7
  - typing_extensions >=4.12.2
  - python
  license: MIT
  license_family: MIT
  purls:
  - pkg:pypi/rich-toolkit?source=hash-mapping
  size: 17357
  timestamp: 1733750834072
- conda: https://conda.anaconda.org/conda-forge/noarch/shellingham-1.5.4-pyhd8ed1ab_1.conda
  sha256: 0557c090913aa63cdbe821dbdfa038a321b488e22bc80196c4b3b1aace4914ef
  md5: 7c3c2a0f3ebdea2bbc35538d162b43bf
  depends:
  - python >=3.9
  license: MIT
  license_family: MIT
  purls:
  - pkg:pypi/shellingham?source=compressed-mapping
  size: 14462
  timestamp: 1733301007770
- conda: https://conda.anaconda.org/conda-forge/noarch/sniffio-1.3.1-pyhd8ed1ab_1.conda
  sha256: c2248418c310bdd1719b186796ae50a8a77ce555228b6acd32768e2543a15012
  md5: bf7a226e58dfb8346c70df36065d86c9
  depends:
  - python >=3.9
  license: Apache-2.0
  license_family: Apache
  purls:
  - pkg:pypi/sniffio?source=hash-mapping
  size: 15019
  timestamp: 1733244175724
- conda: https://conda.anaconda.org/conda-forge/osx-arm64/sqlalchemy-2.0.40-py313h90d716c_0.conda
  sha256: 149bba423b88408c12554fc4b0265c3665b2139b5c6f1c766dcfdcf7e3237aa5
  md5: b68e47ddff3d13ad00dd6fa051429a3e
  depends:
  - __osx >=11.0
  - greenlet !=0.4.17
  - python >=3.13,<3.14.0a0
  - python >=3.13,<3.14.0a0 *_cp313
  - python_abi 3.13.* *_cp313
  - typing-extensions >=4.6.0
  license: MIT
  license_family: MIT
  purls:
  - pkg:pypi/sqlalchemy?source=hash-mapping
  size: 3611423
  timestamp: 1743110039410
- conda: https://conda.anaconda.org/conda-forge/noarch/sqlmodel-0.0.24-pyhd8ed1ab_0.conda
  sha256: 31a2d3d998a614f00a784bd5a1d060907bc8dbc8866c8e7831a737e72c4ffe92
  md5: c9f7a956030a6bca913ffb311a580792
  depends:
  - pydantic >=1.10.13,<3.0.0
  - python >=3.9
  - sqlalchemy >=2.0.14,<2.1.0
  license: MIT
  license_family: MIT
  purls:
  - pkg:pypi/sqlmodel?source=hash-mapping
  size: 29907
  timestamp: 1741350392947
- conda: https://conda.anaconda.org/conda-forge/noarch/starlette-0.46.2-pyh81abbef_0.conda
  sha256: d41b9b2719a2a0176930df21d7fec7b758058e7fafd53dc900b5706cd627fa3a
  md5: 36ec80c2b37e52760ab41be7c2bd1fd3
  depends:
  - anyio >=3.6.2,<5
  - python >=3.9
  - typing_extensions >=3.10.0
  - python
  license: BSD-3-Clause
  license_family: BSD
  purls:
  - pkg:pypi/starlette?source=compressed-mapping
  size: 62335
  timestamp: 1744661396275
- conda: https://conda.anaconda.org/conda-forge/osx-arm64/tk-8.6.13-h5083fa2_1.conda
  sha256: 72457ad031b4c048e5891f3f6cb27a53cb479db68a52d965f796910e71a403a8
  md5: b50a57ba89c32b62428b71a875291c9b
  depends:
  - libzlib >=1.2.13,<2.0.0a0
  license: TCL
  license_family: BSD
  purls: []
  size: 3145523
  timestamp: 1699202432999
- conda: https://conda.anaconda.org/conda-forge/noarch/tqdm-4.67.1-pyhd8ed1ab_1.conda
  sha256: 11e2c85468ae9902d24a27137b6b39b4a78099806e551d390e394a8c34b48e40
  md5: 9efbfdc37242619130ea42b1cc4ed861
  depends:
  - colorama
  - python >=3.9
  license: MPL-2.0 or MIT
  purls:
  - pkg:pypi/tqdm?source=hash-mapping
  size: 89498
  timestamp: 1735661472632
- conda: https://conda.anaconda.org/conda-forge/noarch/typeguard-2.13.3-pyhd8ed1ab_0.tar.bz2
  sha256: 5e6a3b92c4f99b7b51c646669ad9dbffd307a788fda0001dc82476de8e67ad67
  md5: af104e581c40c72813864454962e1795
  depends:
  - python >=3.4
  license: MIT
  license_family: MIT
  purls:
  - pkg:pypi/typeguard?source=hash-mapping
  size: 19655
  timestamp: 1658932205516
- conda: https://conda.anaconda.org/conda-forge/noarch/typer-0.15.3-pyhf21524f_0.conda
  sha256: 8cd849ceb5e2f50481b1f30f083ee134fac706a56d7879c61248f0aadad4ea5b
  md5: b4bed8eb8dd4fe076f436e5506d31673
  depends:
  - typer-slim-standard ==0.15.3 h1a15894_0
  - python >=3.9
  - python
  license: MIT
  license_family: MIT
  purls:
  - pkg:pypi/typer?source=compressed-mapping
  size: 77044
  timestamp: 1745886712803
- conda: https://conda.anaconda.org/conda-forge/noarch/typer-slim-0.15.3-pyh29332c3_0.conda
  sha256: 1768d1d9914d4237b0a1ae8bcb30dace44ac80b9ab1516a2d429d0b27ad70ab9
  md5: 20c0f2ae932004d7118c172eeb035cea
  depends:
  - python >=3.9
  - click >=8.0.0
  - typing_extensions >=3.7.4.3
  - python
  constrains:
  - typer 0.15.3.*
  - rich >=10.11.0
  - shellingham >=1.3.0
  license: MIT
  license_family: MIT
  purls:
  - pkg:pypi/typer-slim?source=compressed-mapping
  size: 46152
  timestamp: 1745886712803
- conda: https://conda.anaconda.org/conda-forge/noarch/typer-slim-standard-0.15.3-h1a15894_0.conda
  sha256: 72f77e8e61b28058562f2782cf32ff84f14f6c11c6cea7a3fe2839d34654ea45
  md5: 120216d3a2e51dfbb87bbba173ebf210
  depends:
  - typer-slim ==0.15.3 pyh29332c3_0
  - rich
  - shellingham
  license: MIT
  license_family: MIT
  purls: []
  size: 5411
  timestamp: 1745886712803
- conda: https://conda.anaconda.org/conda-forge/noarch/typing-extensions-4.13.2-h0e9735f_0.conda
  sha256: 4865fce0897d3cb0ffc8998219157a8325f6011c136e6fd740a9a6b169419296
  md5: 568ed1300869dca0ba09fb750cda5dbb
  depends:
  - typing_extensions ==4.13.2 pyh29332c3_0
  license: PSF-2.0
  license_family: PSF
  purls: []
  size: 89900
  timestamp: 1744302253997
- conda: https://conda.anaconda.org/conda-forge/noarch/typing-inspection-0.4.0-pyhd8ed1ab_0.conda
  sha256: 172f971d70e1dbb978f6061d3f72be463d0f629155338603450d8ffe87cbf89d
  md5: c5c76894b6b7bacc888ba25753bc8677
  depends:
  - python >=3.9
  - typing_extensions >=4.12.0
  license: MIT
  license_family: MIT
  purls:
  - pkg:pypi/typing-inspection?source=hash-mapping
  size: 18070
  timestamp: 1741438157162
- conda: https://conda.anaconda.org/conda-forge/noarch/typing_extensions-4.13.2-pyh29332c3_0.conda
  sha256: a8aaf351e6461de0d5d47e4911257e25eec2fa409d71f3b643bb2f748bde1c08
  md5: 83fc6ae00127671e301c9f44254c31b8
  depends:
  - python >=3.9
  - python
  license: PSF-2.0
  license_family: PSF
  purls:
  - pkg:pypi/typing-extensions?source=compressed-mapping
  size: 52189
  timestamp: 1744302253997
- conda: https://conda.anaconda.org/conda-forge/noarch/tzdata-2025b-h78e105d_0.conda
  sha256: 5aaa366385d716557e365f0a4e9c3fca43ba196872abbbe3d56bb610d131e192
  md5: 4222072737ccff51314b5ece9c7d6f5a
  license: LicenseRef-Public-Domain
  purls: []
  size: 122968
  timestamp: 1742727099393
- conda: https://conda.anaconda.org/conda-forge/noarch/uvicorn-0.34.2-pyh31011fe_0.conda
  sha256: d6c504920400354a89e597c5d355288e77481d638cca0489fea3530167895f15
  md5: 7e9f164470d693a5d2537c6b2ce1d9ea
  depends:
  - __unix
  - click >=7.0
  - h11 >=0.8
  - python >=3.9
  - typing_extensions >=4.0
  license: BSD-3-Clause
  license_family: BSD
  purls:
  - pkg:pypi/uvicorn?source=hash-mapping
  size: 48985
  timestamp: 1745173533667
- conda: https://conda.anaconda.org/conda-forge/noarch/uvicorn-standard-0.34.2-h31011fe_0.conda
  sha256: c323cc4986f4fea91dedbee68dce8071cade48be2e71cf9c575faf3f3ccc42a9
  md5: 62676324fa57eb76b542a6a2e85d35e2
  depends:
  - __unix
  - httptools >=0.6.3
  - python-dotenv >=0.13
  - pyyaml >=5.1
  - uvicorn 0.34.2 pyh31011fe_0
  - uvloop >=0.14.0,!=0.15.0,!=0.15.1
  - watchfiles >=0.13
  - websockets >=10.4
  license: BSD-3-Clause
  license_family: BSD
  purls: []
  size: 7661
  timestamp: 1745173534493
- conda: https://conda.anaconda.org/conda-forge/osx-arm64/uvloop-0.21.0-py313h63a2874_1.conda
  sha256: cbe2756b88bb076a52122dcce19ea465bdb1a4ecfb57f9cc21a00e934c73b32f
  md5: 7fc209a93ef04d33ffe9d372126d8db8
  depends:
  - __osx >=11.0
  - libuv >=1.49.2,<2.0a0
  - python >=3.13,<3.14.0a0
  - python >=3.13,<3.14.0a0 *_cp313
  - python_abi 3.13.* *_cp313
  license: MIT OR Apache-2.0
  purls:
  - pkg:pypi/uvloop?source=hash-mapping
  size: 543651
  timestamp: 1730214744398
- conda: https://conda.anaconda.org/conda-forge/osx-arm64/watchfiles-1.0.5-py313hdde674f_0.conda
  sha256: ccd64c90954a9f11b7681969e2c5fc6f0a35811ec7a88a5958fcdd2da2a0117d
  md5: 0da7f4997a02d0d281ce13af23a0cf2b
  depends:
  - __osx >=11.0
  - anyio >=3.0.0
  - python >=3.13,<3.14.0a0
  - python >=3.13,<3.14.0a0 *_cp313
  - python_abi 3.13.* *_cp313
  constrains:
  - __osx >=11.0
  license: MIT
  license_family: MIT
  purls:
  - pkg:pypi/watchfiles?source=hash-mapping
  size: 367527
  timestamp: 1744451856378
- conda: https://conda.anaconda.org/conda-forge/osx-arm64/websockets-15.0.1-py313h90d716c_0.conda
  sha256: ea4c91c07f5161aeb0426fb7e11c1789f64612ae3f9c8fa5673a274e54c0fb5b
  md5: f2973ea928895eaa395e5a9d58723f6d
  depends:
  - __osx >=11.0
  - python >=3.13,<3.14.0a0
  - python >=3.13,<3.14.0a0 *_cp313
  - python_abi 3.13.* *_cp313
  license: BSD-3-Clause
  license_family: BSD
  purls:
  - pkg:pypi/websockets?source=hash-mapping
  size: 274456
  timestamp: 1741285719743
- conda: https://conda.anaconda.org/conda-forge/osx-arm64/yaml-0.2.5-h3422bc3_2.tar.bz2
  sha256: 93181a04ba8cfecfdfb162fc958436d868cc37db504c58078eab4c1a3e57fbb7
  md5: 4bb3f014845110883a3c5ee811fd84b4
  license: MIT
  license_family: MIT
  purls: []
  size: 88016
  timestamp: 1641347076660
